
Microsoft Visual Studio Solution File, Format Version 12.00
# Visual Studio 15
VisualStudioVersion = 15.0.28010.2036
MinimumVisualStudioVersion = 10.0.40219.1
Project("{8BC9CEB8-8B4A-11D0-8D11-00A0C91BC942}") = "OSAssignment3", "OSAssignment3\OSAssignment3.vcxproj", "{D96EBD47-5703-45EC-A5D5-41F66BCBD06B}"
EndProject
Global
	GlobalSection(SolutionConfigurationPlatforms) = preSolution
		Debug|x86 = Debug|x86
		Release|x86 = Release|x86
	EndGlobalSection
	GlobalSection(ProjectConfigurationPlatforms) = postSolution
		{D96EBD47-5703-45EC-A5D5-41F66BCBD06B}.Debug|x64.ActiveCfg = Debug|Win32
		{D96EBD47-5703-45EC-A5D5-41F66BCBD06B}.Debug|x86.ActiveCfg = Debug|Win32
		{D96EBD47-5703-45EC-A5D5-41F66BCBD06B}.Debug|x86.Build.0 = Debug|Win32
		{D96EBD47-5703-45EC-A5D5-41F66BCBD06B}.Release|x64.ActiveCfg = Release|Win32
		{D96EBD47-5703-45EC-A5D5-41F66BCBD06B}.Release|x86.ActiveCfg = Release|Win32
		{D96EBD47-5703-45EC-A5D5-41F66BCBD06B}.Release|x86.Build.0 = Release|Win32
	EndGlobalSection
	GlobalSection(SolutionProperties) = preSolution
		HideSolutionNode = FALSE
	EndGlobalSection
	GlobalSection(ExtensibilityGlobals) = postSolution
		SolutionGuid = {FECF635D-BF47-4296-B6E6-E5F1BE290DE1}
	EndGlobalSection
EndGlobal
